// !$*UTF8*$!
{
	archiveVersion = 1;
	classes = {
	};
	objectVersion = 46;
	objects = {

/* Begin PBXBuildFile section */
		1E1C6B4E1F160E6800E415A7 /* YYFPSLabel.m in Sources */ = {isa = PBXBuildFile; fileRef = 1E1C6B4B1F160E6800E415A7 /* YYFPSLabel.m */; };
		1E22ABD81DF400180011BE76 /* NSString+JFString.m in Sources */ = {isa = PBXBuildFile; fileRef = 1E22ABD71DF400180011BE76 /* NSString+JFString.m */; };
		1E5DED1F1DCEE814002BFDE8 /* JFHomeNewsDataManager.m in Sources */ = {isa = PBXBuildFile; fileRef = 1E5DED1E1DCEE814002BFDE8 /* JFHomeNewsDataManager.m */; };
		1E5DED661DD01527002BFDE8 /* JFResponseModel.m in Sources */ = {isa = PBXBuildFile; fileRef = 1E5DED651DD01527002BFDE8 /* JFResponseModel.m */; };
		1E6E21B81DCC74C7001C7F08 /* main.m in Sources */ = {isa = PBXBuildFile; fileRef = 1E6E21B71DCC74C7001C7F08 /* main.m */; };
		1E6E21C41DCC74C7001C7F08 /* JFQDaily.xcdatamodeld in Sources */ = {isa = PBXBuildFile; fileRef = 1E6E21C21DCC74C7001C7F08 /* JFQDaily.xcdatamodeld */; };
		1E6E21C61DCC74C7001C7F08 /* Assets.xcassets in Resources */ = {isa = PBXBuildFile; fileRef = 1E6E21C51DCC74C7001C7F08 /* Assets.xcassets */; };
		1E6E21C91DCC74C7001C7F08 /* LaunchScreen.storyboard in Resources */ = {isa = PBXBuildFile; fileRef = 1E6E21C71DCC74C7001C7F08 /* LaunchScreen.storyboard */; };
		1E6E21D41DCC74C7001C7F08 /* JFQDailyTests.m in Sources */ = {isa = PBXBuildFile; fileRef = 1E6E21D31DCC74C7001C7F08 /* JFQDailyTests.m */; };
		1E6E21DF1DCC74C7001C7F08 /* JFQDailyUITests.m in Sources */ = {isa = PBXBuildFile; fileRef = 1E6E21DE1DCC74C7001C7F08 /* JFQDailyUITests.m */; };
		1E6E21F31DCC7BA3001C7F08 /* AppDelegate.m in Sources */ = {isa = PBXBuildFile; fileRef = 1E6E21F21DCC7BA3001C7F08 /* AppDelegate.m */; };
		1E6E21F81DCC7D32001C7F08 /* PodFile in Resources */ = {isa = PBXBuildFile; fileRef = 1E6E21F71DCC7D32001C7F08 /* PodFile */; };
		1E7FAAE81F27897400182D8B /* JFNewsCellLayout.m in Sources */ = {isa = PBXBuildFile; fileRef = 1E7FAAE71F27897400182D8B /* JFNewsCellLayout.m */; };
		1E7FAB0D1F2A3A5B00182D8B /* JFHomeNewsTableViewCell.m in Sources */ = {isa = PBXBuildFile; fileRef = 1E7FAB061F2A3A5B00182D8B /* JFHomeNewsTableViewCell.m */; };
		1E7FAB0E1F2A3A5B00182D8B /* JFMenuView.m in Sources */ = {isa = PBXBuildFile; fileRef = 1E7FAB081F2A3A5B00182D8B /* JFMenuView.m */; };
		1E7FAB0F1F2A3A5B00182D8B /* JFNewsClassificationView.m in Sources */ = {isa = PBXBuildFile; fileRef = 1E7FAB0A1F2A3A5B00182D8B /* JFNewsClassificationView.m */; };
		1E7FAB101F2A3A5B00182D8B /* JFSuspensionView.m in Sources */ = {isa = PBXBuildFile; fileRef = 1E7FAB0C1F2A3A5B00182D8B /* JFSuspensionView.m */; };
		1E7FAB151F2A3A8D00182D8B /* JFHomeViewController.m in Sources */ = {isa = PBXBuildFile; fileRef = 1E7FAB121F2A3A8D00182D8B /* JFHomeViewController.m */; };
		1E7FAB161F2A3A8D00182D8B /* JFReaderViewController.m in Sources */ = {isa = PBXBuildFile; fileRef = 1E7FAB141F2A3A8D00182D8B /* JFReaderViewController.m */; };
		1E7FAB1B1F2A3C6900182D8B /* RegisterController.swift in Sources */ = {isa = PBXBuildFile; fileRef = 1E7FAB1A1F2A3C6900182D8B /* RegisterController.swift */; };
		1E7FAB1D1F2A3C8A00182D8B /* LoginController.swift in Sources */ = {isa = PBXBuildFile; fileRef = 1E7FAB1C1F2A3C8A00182D8B /* LoginController.swift */; };
		1E8796791F2F0FFF00CE70CE /* NSTimer+JFBlocksTimer.m in Sources */ = {isa = PBXBuildFile; fileRef = 1E8796781F2F0FFF00CE70CE /* NSTimer+JFBlocksTimer.m */; };
		1EA3C9E01DD572A000B31F2F /* MBProgressHUD+JFProgressHUD.m in Sources */ = {isa = PBXBuildFile; fileRef = 1EA3C9DF1DD572A000B31F2F /* MBProgressHUD+JFProgressHUD.m */; };
		1EA75ACF1DD04EBF00CBB13F /* JFLoopView.m in Sources */ = {isa = PBXBuildFile; fileRef = 1EA75ACA1DD04EBF00CBB13F /* JFLoopView.m */; };
		1EA75AD01DD04EBF00CBB13F /* JFLoopViewCell.m in Sources */ = {isa = PBXBuildFile; fileRef = 1EA75ACC1DD04EBF00CBB13F /* JFLoopViewCell.m */; };
		1EA75AD11DD04EBF00CBB13F /* JFLoopViewLayout.m in Sources */ = {isa = PBXBuildFile; fileRef = 1EA75ACE1DD04EBF00CBB13F /* JFLoopViewLayout.m */; };
		F17B9E662B1C074520693AB2 /* libPods-JFQDaily.a in Frameworks */ = {isa = PBXBuildFile; fileRef = D2329A90CAC7783881895F31 /* libPods-JFQDaily.a */; };
/* End PBXBuildFile section */

/* Begin PBXContainerItemProxy section */
		1E6E21D01DCC74C7001C7F08 /* PBXContainerItemProxy */ = {
			isa = PBXContainerItemProxy;
			containerPortal = 1E6E21AB1DCC74C7001C7F08 /* Project object */;
			proxyType = 1;
			remoteGlobalIDString = 1E6E21B21DCC74C7001C7F08;
			remoteInfo = JFQDaily;
		};
		1E6E21DB1DCC74C7001C7F08 /* PBXContainerItemProxy */ = {
			isa = PBXContainerItemProxy;
			containerPortal = 1E6E21AB1DCC74C7001C7F08 /* Project object */;
			proxyType = 1;
			remoteGlobalIDString = 1E6E21B21DCC74C7001C7F08;
			remoteInfo = JFQDaily;
		};
/* End PBXContainerItemProxy section */

/* Begin PBXFileReference section */
		0284745F6B6E8CF3B257C4DF /* Pods-JFQDaily.release.xcconfig */ = {isa = PBXFileReference; includeInIndex = 1; lastKnownFileType = text.xcconfig; name = "Pods-JFQDaily.release.xcconfig"; path = "Pods/Target Support Files/Pods-JFQDaily/Pods-JFQDaily.release.xcconfig"; sourceTree = "<group>"; };
		1E1C6B4A1F160E6800E415A7 /* YYFPSLabel.h */ = {isa = PBXFileReference; fileEncoding = 4; lastKnownFileType = sourcecode.c.h; path = YYFPSLabel.h; sourceTree = "<group>"; };
		1E1C6B4B1F160E6800E415A7 /* YYFPSLabel.m */ = {isa = PBXFileReference; fileEncoding = 4; lastKnownFileType = sourcecode.c.objc; path = YYFPSLabel.m; sourceTree = "<group>"; };
		1E22ABD61DF400180011BE76 /* NSString+JFString.h */ = {isa = PBXFileReference; fileEncoding = 4; lastKnownFileType = sourcecode.c.h; path = "NSString+JFString.h"; sourceTree = "<group>"; };
		1E22ABD71DF400180011BE76 /* NSString+JFString.m */ = {isa = PBXFileReference; fileEncoding = 4; lastKnownFileType = sourcecode.c.objc; path = "NSString+JFString.m"; sourceTree = "<group>"; };
		1E5DED1D1DCEE814002BFDE8 /* JFHomeNewsDataManager.h */ = {isa = PBXFileReference; fileEncoding = 4; lastKnownFileType = sourcecode.c.h; path = JFHomeNewsDataManager.h; sourceTree = "<group>"; };
		1E5DED1E1DCEE814002BFDE8 /* JFHomeNewsDataManager.m */ = {isa = PBXFileReference; fileEncoding = 4; lastKnownFileType = sourcecode.c.objc; path = JFHomeNewsDataManager.m; sourceTree = "<group>"; };
		1E5DED641DD01527002BFDE8 /* JFResponseModel.h */ = {isa = PBXFileReference; fileEncoding = 4; lastKnownFileType = sourcecode.c.h; path = JFResponseModel.h; sourceTree = "<group>"; };
		1E5DED651DD01527002BFDE8 /* JFResponseModel.m */ = {isa = PBXFileReference; fileEncoding = 4; lastKnownFileType = sourcecode.c.objc; path = JFResponseModel.m; sourceTree = "<group>"; };
		1E6E21B31DCC74C7001C7F08 /* JFQDaily.app */ = {isa = PBXFileReference; explicitFileType = wrapper.application; includeInIndex = 0; path = JFQDaily.app; sourceTree = BUILT_PRODUCTS_DIR; };
		1E6E21B71DCC74C7001C7F08 /* main.m */ = {isa = PBXFileReference; lastKnownFileType = sourcecode.c.objc; path = main.m; sourceTree = "<group>"; };
		1E6E21C31DCC74C7001C7F08 /* JFQDaily.xcdatamodel */ = {isa = PBXFileReference; lastKnownFileType = wrapper.xcdatamodel; path = JFQDaily.xcdatamodel; sourceTree = "<group>"; };
		1E6E21C51DCC74C7001C7F08 /* Assets.xcassets */ = {isa = PBXFileReference; lastKnownFileType = folder.assetcatalog; path = Assets.xcassets; sourceTree = "<group>"; };
		1E6E21C81DCC74C7001C7F08 /* Base */ = {isa = PBXFileReference; lastKnownFileType = file.storyboard; name = Base; path = Base.lproj/LaunchScreen.storyboard; sourceTree = "<group>"; };
		1E6E21CA1DCC74C7001C7F08 /* Info.plist */ = {isa = PBXFileReference; lastKnownFileType = text.plist.xml; path = Info.plist; sourceTree = "<group>"; };
		1E6E21CF1DCC74C7001C7F08 /* JFQDailyTests.xctest */ = {isa = PBXFileReference; explicitFileType = wrapper.cfbundle; includeInIndex = 0; path = JFQDailyTests.xctest; sourceTree = BUILT_PRODUCTS_DIR; };
		1E6E21D31DCC74C7001C7F08 /* JFQDailyTests.m */ = {isa = PBXFileReference; lastKnownFileType = sourcecode.c.objc; path = JFQDailyTests.m; sourceTree = "<group>"; };
		1E6E21D51DCC74C7001C7F08 /* Info.plist */ = {isa = PBXFileReference; lastKnownFileType = text.plist.xml; path = Info.plist; sourceTree = "<group>"; };
		1E6E21DA1DCC74C7001C7F08 /* JFQDailyUITests.xctest */ = {isa = PBXFileReference; explicitFileType = wrapper.cfbundle; includeInIndex = 0; path = JFQDailyUITests.xctest; sourceTree = BUILT_PRODUCTS_DIR; };
		1E6E21DE1DCC74C7001C7F08 /* JFQDailyUITests.m */ = {isa = PBXFileReference; lastKnownFileType = sourcecode.c.objc; path = JFQDailyUITests.m; sourceTree = "<group>"; };
		1E6E21E01DCC74C7001C7F08 /* Info.plist */ = {isa = PBXFileReference; lastKnownFileType = text.plist.xml; path = Info.plist; sourceTree = "<group>"; };
		1E6E21F11DCC7BA3001C7F08 /* AppDelegate.h */ = {isa = PBXFileReference; fileEncoding = 4; lastKnownFileType = sourcecode.c.h; path = AppDelegate.h; sourceTree = "<group>"; };
		1E6E21F21DCC7BA3001C7F08 /* AppDelegate.m */ = {isa = PBXFileReference; fileEncoding = 4; lastKnownFileType = sourcecode.c.objc; path = AppDelegate.m; sourceTree = "<group>"; };
		1E6E21F71DCC7D32001C7F08 /* PodFile */ = {isa = PBXFileReference; fileEncoding = 4; lastKnownFileType = text; path = PodFile; sourceTree = "<group>"; xcLanguageSpecificationIdentifier = xcode.lang.ruby; };
		1E6E21FF1DCC9329001C7F08 /* JFConfigFile.h */ = {isa = PBXFileReference; lastKnownFileType = sourcecode.c.h; path = JFConfigFile.h; sourceTree = "<group>"; };
		1E7FAAE61F27897400182D8B /* JFNewsCellLayout.h */ = {isa = PBXFileReference; fileEncoding = 4; lastKnownFileType = sourcecode.c.h; path = JFNewsCellLayout.h; sourceTree = "<group>"; };
		1E7FAAE71F27897400182D8B /* JFNewsCellLayout.m */ = {isa = PBXFileReference; fileEncoding = 4; lastKnownFileType = sourcecode.c.objc; path = JFNewsCellLayout.m; sourceTree = "<group>"; };
		1E7FAB051F2A3A5B00182D8B /* JFHomeNewsTableViewCell.h */ = {isa = PBXFileReference; fileEncoding = 4; lastKnownFileType = sourcecode.c.h; path = JFHomeNewsTableViewCell.h; sourceTree = "<group>"; };
		1E7FAB061F2A3A5B00182D8B /* JFHomeNewsTableViewCell.m */ = {isa = PBXFileReference; fileEncoding = 4; lastKnownFileType = sourcecode.c.objc; path = JFHomeNewsTableViewCell.m; sourceTree = "<group>"; };
		1E7FAB071F2A3A5B00182D8B /* JFMenuView.h */ = {isa = PBXFileReference; fileEncoding = 4; lastKnownFileType = sourcecode.c.h; path = JFMenuView.h; sourceTree = "<group>"; };
		1E7FAB081F2A3A5B00182D8B /* JFMenuView.m */ = {isa = PBXFileReference; fileEncoding = 4; lastKnownFileType = sourcecode.c.objc; path = JFMenuView.m; sourceTree = "<group>"; };
		1E7FAB091F2A3A5B00182D8B /* JFNewsClassificationView.h */ = {isa = PBXFileReference; fileEncoding = 4; lastKnownFileType = sourcecode.c.h; path = JFNewsClassificationView.h; sourceTree = "<group>"; };
		1E7FAB0A1F2A3A5B00182D8B /* JFNewsClassificationView.m */ = {isa = PBXFileReference; fileEncoding = 4; lastKnownFileType = sourcecode.c.objc; path = JFNewsClassificationView.m; sourceTree = "<group>"; };
		1E7FAB0B1F2A3A5B00182D8B /* JFSuspensionView.h */ = {isa = PBXFileReference; fileEncoding = 4; lastKnownFileType = sourcecode.c.h; path = JFSuspensionView.h; sourceTree = "<group>"; };
		1E7FAB0C1F2A3A5B00182D8B /* JFSuspensionView.m */ = {isa = PBXFileReference; fileEncoding = 4; lastKnownFileType = sourcecode.c.objc; path = JFSuspensionView.m; sourceTree = "<group>"; };
		1E7FAB111F2A3A8D00182D8B /* JFHomeViewController.h */ = {isa = PBXFileReference; fileEncoding = 4; lastKnownFileType = sourcecode.c.h; path = JFHomeViewController.h; sourceTree = "<group>"; };
		1E7FAB121F2A3A8D00182D8B /* JFHomeViewController.m */ = {isa = PBXFileReference; fileEncoding = 4; lastKnownFileType = sourcecode.c.objc; path = JFHomeViewController.m; sourceTree = "<group>"; };
		1E7FAB131F2A3A8D00182D8B /* JFReaderViewController.h */ = {isa = PBXFileReference; fileEncoding = 4; lastKnownFileType = sourcecode.c.h; path = JFReaderViewController.h; sourceTree = "<group>"; };
		1E7FAB141F2A3A8D00182D8B /* JFReaderViewController.m */ = {isa = PBXFileReference; fileEncoding = 4; lastKnownFileType = sourcecode.c.objc; path = JFReaderViewController.m; sourceTree = "<group>"; };
		1E7FAB191F2A3C6900182D8B /* JFQDaily-Bridging-Header.h */ = {isa = PBXFileReference; lastKnownFileType = sourcecode.c.h; path = "JFQDaily-Bridging-Header.h"; sourceTree = "<group>"; };
		1E7FAB1A1F2A3C6900182D8B /* RegisterController.swift */ = {isa = PBXFileReference; fileEncoding = 4; lastKnownFileType = sourcecode.swift; path = RegisterController.swift; sourceTree = "<group>"; };
		1E7FAB1C1F2A3C8A00182D8B /* LoginController.swift */ = {isa = PBXFileReference; fileEncoding = 4; lastKnownFileType = sourcecode.swift; path = LoginController.swift; sourceTree = "<group>"; };
		1E8796771F2F0FFF00CE70CE /* NSTimer+JFBlocksTimer.h */ = {isa = PBXFileReference; fileEncoding = 4; lastKnownFileType = sourcecode.c.h; path = "NSTimer+JFBlocksTimer.h"; sourceTree = "<group>"; };
		1E8796781F2F0FFF00CE70CE /* NSTimer+JFBlocksTimer.m */ = {isa = PBXFileReference; fileEncoding = 4; lastKnownFileType = sourcecode.c.objc; path = "NSTimer+JFBlocksTimer.m"; sourceTree = "<group>"; };
		1EA3C9DE1DD572A000B31F2F /* MBProgressHUD+JFProgressHUD.h */ = {isa = PBXFileReference; fileEncoding = 4; lastKnownFileType = sourcecode.c.h; path = "MBProgressHUD+JFProgressHUD.h"; sourceTree = "<group>"; };
		1EA3C9DF1DD572A000B31F2F /* MBProgressHUD+JFProgressHUD.m */ = {isa = PBXFileReference; fileEncoding = 4; lastKnownFileType = sourcecode.c.objc; path = "MBProgressHUD+JFProgressHUD.m"; sourceTree = "<group>"; };
		1EA75AC91DD04EBF00CBB13F /* JFLoopView.h */ = {isa = PBXFileReference; fileEncoding = 4; lastKnownFileType = sourcecode.c.h; path = JFLoopView.h; sourceTree = "<group>"; };
		1EA75ACA1DD04EBF00CBB13F /* JFLoopView.m */ = {isa = PBXFileReference; fileEncoding = 4; lastKnownFileType = sourcecode.c.objc; path = JFLoopView.m; sourceTree = "<group>"; };
		1EA75ACB1DD04EBF00CBB13F /* JFLoopViewCell.h */ = {isa = PBXFileReference; fileEncoding = 4; lastKnownFileType = sourcecode.c.h; path = JFLoopViewCell.h; sourceTree = "<group>"; };
		1EA75ACC1DD04EBF00CBB13F /* JFLoopViewCell.m */ = {isa = PBXFileReference; fileEncoding = 4; lastKnownFileType = sourcecode.c.objc; path = JFLoopViewCell.m; sourceTree = "<group>"; };
		1EA75ACD1DD04EBF00CBB13F /* JFLoopViewLayout.h */ = {isa = PBXFileReference; fileEncoding = 4; lastKnownFileType = sourcecode.c.h; path = JFLoopViewLayout.h; sourceTree = "<group>"; };
		1EA75ACE1DD04EBF00CBB13F /* JFLoopViewLayout.m */ = {isa = PBXFileReference; fileEncoding = 4; lastKnownFileType = sourcecode.c.objc; path = JFLoopViewLayout.m; sourceTree = "<group>"; };
		D2329A90CAC7783881895F31 /* libPods-JFQDaily.a */ = {isa = PBXFileReference; explicitFileType = archive.ar; includeInIndex = 0; path = "libPods-JFQDaily.a"; sourceTree = BUILT_PRODUCTS_DIR; };
		D9E68DBDD35E69168A6A525F /* Pods-JFQDaily.debug.xcconfig */ = {isa = PBXFileReference; includeInIndex = 1; lastKnownFileType = text.xcconfig; name = "Pods-JFQDaily.debug.xcconfig"; path = "Pods/Target Support Files/Pods-JFQDaily/Pods-JFQDaily.debug.xcconfig"; sourceTree = "<group>"; };
/* End PBXFileReference section */

/* Begin PBXFrameworksBuildPhase section */
		1E6E21B01DCC74C7001C7F08 /* Frameworks */ = {
			isa = PBXFrameworksBuildPhase;
			buildActionMask = 2147483647;
			files = (
				F17B9E662B1C074520693AB2 /* libPods-JFQDaily.a in Frameworks */,
			);
			runOnlyForDeploymentPostprocessing = 0;
		};
		1E6E21CC1DCC74C7001C7F08 /* Frameworks */ = {
			isa = PBXFrameworksBuildPhase;
			buildActionMask = 2147483647;
			files = (
			);
			runOnlyForDeploymentPostprocessing = 0;
		};
		1E6E21D71DCC74C7001C7F08 /* Frameworks */ = {
			isa = PBXFrameworksBuildPhase;
			buildActionMask = 2147483647;
			files = (
			);
			runOnlyForDeploymentPostprocessing = 0;
		};
/* End PBXFrameworksBuildPhase section */

/* Begin PBXGroup section */
		1E1C6B491F160E6800E415A7 /* FPSLabel */ = {
			isa = PBXGroup;
			children = (
				1E1C6B4A1F160E6800E415A7 /* YYFPSLabel.h */,
				1E1C6B4B1F160E6800E415A7 /* YYFPSLabel.m */,
			);
			path = FPSLabel;
			sourceTree = "<group>";
		};
		1E22ABD51DF400180011BE76 /* NSString+JFString */ = {
			isa = PBXGroup;
			children = (
				1E22ABD61DF400180011BE76 /* NSString+JFString.h */,
				1E22ABD71DF400180011BE76 /* NSString+JFString.m */,
			);
			path = "NSString+JFString";
			sourceTree = "<group>";
		};
		1E2362BC1DD0579F0054D048 /* JFTimer */ = {
			isa = PBXGroup;
			children = (
				1E8796771F2F0FFF00CE70CE /* NSTimer+JFBlocksTimer.h */,
				1E8796781F2F0FFF00CE70CE /* NSTimer+JFBlocksTimer.m */,
			);
			path = JFTimer;
			sourceTree = "<group>";
		};
		1E5DED1C1DCEE7EC002BFDE8 /* DataManager */ = {
			isa = PBXGroup;
			children = (
				1E5DED1D1DCEE814002BFDE8 /* JFHomeNewsDataManager.h */,
				1E5DED1E1DCEE814002BFDE8 /* JFHomeNewsDataManager.m */,
			);
			path = DataManager;
			sourceTree = "<group>";
		};
		1E5DED511DCF88D4002BFDE8 /* Models */ = {
			isa = PBXGroup;
			children = (
				1E5DED641DD01527002BFDE8 /* JFResponseModel.h */,
				1E5DED651DD01527002BFDE8 /* JFResponseModel.m */,
				1E7FAAE61F27897400182D8B /* JFNewsCellLayout.h */,
				1E7FAAE71F27897400182D8B /* JFNewsCellLayout.m */,
			);
			path = Models;
			sourceTree = "<group>";
		};
		1E6E21AA1DCC74C7001C7F08 = {
			isa = PBXGroup;
			children = (
				1E6E21F71DCC7D32001C7F08 /* PodFile */,
				1E6E21B51DCC74C7001C7F08 /* JFQDaily */,
				1E6E21D21DCC74C7001C7F08 /* JFQDailyTests */,
				1E6E21DD1DCC74C7001C7F08 /* JFQDailyUITests */,
				1E6E21B41DCC74C7001C7F08 /* Products */,
				3484371A9F29223CE5FA34FE /* Pods */,
				45D522179928CBDBE7039516 /* Frameworks */,
			);
			sourceTree = "<group>";
		};
		1E6E21B41DCC74C7001C7F08 /* Products */ = {
			isa = PBXGroup;
			children = (
				1E6E21B31DCC74C7001C7F08 /* JFQDaily.app */,
				1E6E21CF1DCC74C7001C7F08 /* JFQDailyTests.xctest */,
				1E6E21DA1DCC74C7001C7F08 /* JFQDailyUITests.xctest */,
			);
			name = Products;
			sourceTree = "<group>";
		};
		1E6E21B51DCC74C7001C7F08 /* JFQDaily */ = {
			isa = PBXGroup;
			children = (
				1E6E21EC1DCC7B8C001C7F08 /* AppDelegate */,
				1E6E21EE1DCC7B8C001C7F08 /* Tools */,
				1E7FAB171F2A3B9700182D8B /* Account */,
				1E5DED511DCF88D4002BFDE8 /* Models */,
				1E5DED1C1DCEE7EC002BFDE8 /* DataManager */,
				1E6E21EF1DCC7B8C001C7F08 /* ViewControllers */,
				1E6E21F01DCC7B8C001C7F08 /* Views */,
				1E6E21C51DCC74C7001C7F08 /* Assets.xcassets */,
				1E6E21C71DCC74C7001C7F08 /* LaunchScreen.storyboard */,
				1E6E21CA1DCC74C7001C7F08 /* Info.plist */,
				1E6E21C21DCC74C7001C7F08 /* JFQDaily.xcdatamodeld */,
				1E6E21B61DCC74C7001C7F08 /* Supporting Files */,
			);
			path = JFQDaily;
			sourceTree = "<group>";
		};
		1E6E21B61DCC74C7001C7F08 /* Supporting Files */ = {
			isa = PBXGroup;
			children = (
				1E6E21B71DCC74C7001C7F08 /* main.m */,
			);
			name = "Supporting Files";
			sourceTree = "<group>";
		};
		1E6E21D21DCC74C7001C7F08 /* JFQDailyTests */ = {
			isa = PBXGroup;
			children = (
				1E6E21D31DCC74C7001C7F08 /* JFQDailyTests.m */,
				1E6E21D51DCC74C7001C7F08 /* Info.plist */,
			);
			path = JFQDailyTests;
			sourceTree = "<group>";
		};
		1E6E21DD1DCC74C7001C7F08 /* JFQDailyUITests */ = {
			isa = PBXGroup;
			children = (
				1E6E21DE1DCC74C7001C7F08 /* JFQDailyUITests.m */,
				1E6E21E01DCC74C7001C7F08 /* Info.plist */,
			);
			path = JFQDailyUITests;
			sourceTree = "<group>";
		};
		1E6E21EC1DCC7B8C001C7F08 /* AppDelegate */ = {
			isa = PBXGroup;
			children = (
				1E6E21F11DCC7BA3001C7F08 /* AppDelegate.h */,
				1E6E21F21DCC7BA3001C7F08 /* AppDelegate.m */,
			);
			path = AppDelegate;
			sourceTree = "<group>";
		};
		1E6E21EE1DCC7B8C001C7F08 /* Tools */ = {
			isa = PBXGroup;
			children = (
				1E1C6B491F160E6800E415A7 /* FPSLabel */,
				1E22ABD51DF400180011BE76 /* NSString+JFString */,
				1EA75AC81DD04EBF00CBB13F /* JFLoopView */,
				1EA3C9DD1DD572A000B31F2F /* MBProgressHUD+JFProgressHUD */,
				1E2362BC1DD0579F0054D048 /* JFTimer */,
				1E6E21FF1DCC9329001C7F08 /* JFConfigFile.h */,
			);
			path = Tools;
			sourceTree = "<group>";
		};
		1E6E21EF1DCC7B8C001C7F08 /* ViewControllers */ = {
			isa = PBXGroup;
			children = (
				1E7FAB111F2A3A8D00182D8B /* JFHomeViewController.h */,
				1E7FAB121F2A3A8D00182D8B /* JFHomeViewController.m */,
				1E7FAB131F2A3A8D00182D8B /* JFReaderViewController.h */,
				1E7FAB141F2A3A8D00182D8B /* JFReaderViewController.m */,
			);
			path = ViewControllers;
			sourceTree = "<group>";
		};
		1E6E21F01DCC7B8C001C7F08 /* Views */ = {
			isa = PBXGroup;
			children = (
				1E7FAB051F2A3A5B00182D8B /* JFHomeNewsTableViewCell.h */,
				1E7FAB061F2A3A5B00182D8B /* JFHomeNewsTableViewCell.m */,
				1E7FAB071F2A3A5B00182D8B /* JFMenuView.h */,
				1E7FAB081F2A3A5B00182D8B /* JFMenuView.m */,
				1E7FAB091F2A3A5B00182D8B /* JFNewsClassificationView.h */,
				1E7FAB0A1F2A3A5B00182D8B /* JFNewsClassificationView.m */,
				1E7FAB0B1F2A3A5B00182D8B /* JFSuspensionView.h */,
				1E7FAB0C1F2A3A5B00182D8B /* JFSuspensionView.m */,
			);
			path = Views;
			sourceTree = "<group>";
		};
		1E7FAB171F2A3B9700182D8B /* Account */ = {
			isa = PBXGroup;
			children = (
				1E7FAB1A1F2A3C6900182D8B /* RegisterController.swift */,
				1E7FAB1C1F2A3C8A00182D8B /* LoginController.swift */,
				1E7FAB191F2A3C6900182D8B /* JFQDaily-Bridging-Header.h */,
			);
			path = Account;
			sourceTree = "<group>";
		};
		1EA3C9DD1DD572A000B31F2F /* MBProgressHUD+JFProgressHUD */ = {
			isa = PBXGroup;
			children = (
				1EA3C9DE1DD572A000B31F2F /* MBProgressHUD+JFProgressHUD.h */,
				1EA3C9DF1DD572A000B31F2F /* MBProgressHUD+JFProgressHUD.m */,
			);
			path = "MBProgressHUD+JFProgressHUD";
			sourceTree = "<group>";
		};
		1EA75AC81DD04EBF00CBB13F /* JFLoopView */ = {
			isa = PBXGroup;
			children = (
				1EA75AC91DD04EBF00CBB13F /* JFLoopView.h */,
				1EA75ACA1DD04EBF00CBB13F /* JFLoopView.m */,
				1EA75ACB1DD04EBF00CBB13F /* JFLoopViewCell.h */,
				1EA75ACC1DD04EBF00CBB13F /* JFLoopViewCell.m */,
				1EA75ACD1DD04EBF00CBB13F /* JFLoopViewLayout.h */,
				1EA75ACE1DD04EBF00CBB13F /* JFLoopViewLayout.m */,
			);
			path = JFLoopView;
			sourceTree = "<group>";
		};
		3484371A9F29223CE5FA34FE /* Pods */ = {
			isa = PBXGroup;
			children = (
				D9E68DBDD35E69168A6A525F /* Pods-JFQDaily.debug.xcconfig */,
				0284745F6B6E8CF3B257C4DF /* Pods-JFQDaily.release.xcconfig */,
			);
			name = Pods;
			sourceTree = "<group>";
		};
		45D522179928CBDBE7039516 /* Frameworks */ = {
			isa = PBXGroup;
			children = (
				D2329A90CAC7783881895F31 /* libPods-JFQDaily.a */,
			);
			name = Frameworks;
			sourceTree = "<group>";
		};
/* End PBXGroup section */

/* Begin PBXNativeTarget section */
		1E6E21B21DCC74C7001C7F08 /* JFQDaily */ = {
			isa = PBXNativeTarget;
			buildConfigurationList = 1E6E21E31DCC74C7001C7F08 /* Build configuration list for PBXNativeTarget "JFQDaily" */;
			buildPhases = (
				184DCD4ADBA319EF0AC0F12F /* [CP] Check Pods Manifest.lock */,
				1E6E21AF1DCC74C7001C7F08 /* Sources */,
				1E6E21B01DCC74C7001C7F08 /* Frameworks */,
				1E6E21B11DCC74C7001C7F08 /* Resources */,
				9F7F34D51FAB4A6761E111A1 /* [CP] Embed Pods Frameworks */,
				DE8B8E69ECD35FBBAA007328 /* [CP] Copy Pods Resources */,
			);
			buildRules = (
			);
			dependencies = (
			);
			name = JFQDaily;
			productName = JFQDaily;
			productReference = 1E6E21B31DCC74C7001C7F08 /* JFQDaily.app */;
			productType = "com.apple.product-type.application";
		};
		1E6E21CE1DCC74C7001C7F08 /* JFQDailyTests */ = {
			isa = PBXNativeTarget;
			buildConfigurationList = 1E6E21E61DCC74C7001C7F08 /* Build configuration list for PBXNativeTarget "JFQDailyTests" */;
			buildPhases = (
				1E6E21CB1DCC74C7001C7F08 /* Sources */,
				1E6E21CC1DCC74C7001C7F08 /* Frameworks */,
				1E6E21CD1DCC74C7001C7F08 /* Resources */,
			);
			buildRules = (
			);
			dependencies = (
				1E6E21D11DCC74C7001C7F08 /* PBXTargetDependency */,
			);
			name = JFQDailyTests;
			productName = JFQDailyTests;
			productReference = 1E6E21CF1DCC74C7001C7F08 /* JFQDailyTests.xctest */;
			productType = "com.apple.product-type.bundle.unit-test";
		};
		1E6E21D91DCC74C7001C7F08 /* JFQDailyUITests */ = {
			isa = PBXNativeTarget;
			buildConfigurationList = 1E6E21E91DCC74C7001C7F08 /* Build configuration list for PBXNativeTarget "JFQDailyUITests" */;
			buildPhases = (
				1E6E21D61DCC74C7001C7F08 /* Sources */,
				1E6E21D71DCC74C7001C7F08 /* Frameworks */,
				1E6E21D81DCC74C7001C7F08 /* Resources */,
			);
			buildRules = (
			);
			dependencies = (
				1E6E21DC1DCC74C7001C7F08 /* PBXTargetDependency */,
			);
			name = JFQDailyUITests;
			productName = JFQDailyUITests;
			productReference = 1E6E21DA1DCC74C7001C7F08 /* JFQDailyUITests.xctest */;
			productType = "com.apple.product-type.bundle.ui-testing";
		};
/* End PBXNativeTarget section */

/* Begin PBXProject section */
		1E6E21AB1DCC74C7001C7F08 /* Project object */ = {
			isa = PBXProject;
			attributes = {
				CLASSPREFIX = JF;
				LastUpgradeCheck = 0810;
				ORGANIZATIONNAME = zhifenx;
				TargetAttributes = {
					1E6E21B21DCC74C7001C7F08 = {
						CreatedOnToolsVersion = 8.1;
						DevelopmentTeam = 7AG3K2X9HG;
						LastSwiftMigration = 0830;
						ProvisioningStyle = Automatic;
					};
					1E6E21CE1DCC74C7001C7F08 = {
						CreatedOnToolsVersion = 8.1;
						DevelopmentTeam = 7AG3K2X9HG;
						ProvisioningStyle = Automatic;
						TestTargetID = 1E6E21B21DCC74C7001C7F08;
					};
					1E6E21D91DCC74C7001C7F08 = {
						CreatedOnToolsVersion = 8.1;
						DevelopmentTeam = 7AG3K2X9HG;
						ProvisioningStyle = Automatic;
						TestTargetID = 1E6E21B21DCC74C7001C7F08;
					};
				};
			};
			buildConfigurationList = 1E6E21AE1DCC74C7001C7F08 /* Build configuration list for PBXProject "JFQDaily" */;
			compatibilityVersion = "Xcode 3.2";
			developmentRegion = English;
			hasScannedForEncodings = 0;
			knownRegions = (
				en,
				Base,
			);
			mainGroup = 1E6E21AA1DCC74C7001C7F08;
			productRefGroup = 1E6E21B41DCC74C7001C7F08 /* Products */;
			projectDirPath = "";
			projectRoot = "";
			targets = (
				1E6E21B21DCC74C7001C7F08 /* JFQDaily */,
				1E6E21CE1DCC74C7001C7F08 /* JFQDailyTests */,
				1E6E21D91DCC74C7001C7F08 /* JFQDailyUITests */,
			);
		};
/* End PBXProject section */

/* Begin PBXResourcesBuildPhase section */
		1E6E21B11DCC74C7001C7F08 /* Resources */ = {
			isa = PBXResourcesBuildPhase;
			buildActionMask = 2147483647;
			files = (
				1E6E21F81DCC7D32001C7F08 /* PodFile in Resources */,
				1E6E21C91DCC74C7001C7F08 /* LaunchScreen.storyboard in Resources */,
				1E6E21C61DCC74C7001C7F08 /* Assets.xcassets in Resources */,
			);
			runOnlyForDeploymentPostprocessing = 0;
		};
		1E6E21CD1DCC74C7001C7F08 /* Resources */ = {
			isa = PBXResourcesBuildPhase;
			buildActionMask = 2147483647;
			files = (
			);
			runOnlyForDeploymentPostprocessing = 0;
		};
		1E6E21D81DCC74C7001C7F08 /* Resources */ = {
			isa = PBXResourcesBuildPhase;
			buildActionMask = 2147483647;
			files = (
			);
			runOnlyForDeploymentPostprocessing = 0;
		};
/* End PBXResourcesBuildPhase section */

/* Begin PBXShellScriptBuildPhase section */
		184DCD4ADBA319EF0AC0F12F /* [CP] Check Pods Manifest.lock */ = {
			isa = PBXShellScriptBuildPhase;
			buildActionMask = 2147483647;
			files = (
			);
			inputPaths = (
			);
			name = "[CP] Check Pods Manifest.lock";
			outputPaths = (
			);
			runOnlyForDeploymentPostprocessing = 0;
			shellPath = /bin/sh;
			shellScript = "diff \"${PODS_PODFILE_DIR_PATH}/Podfile.lock\" \"${PODS_ROOT}/Manifest.lock\" > /dev/null\nif [ $? != 0 ] ; then\n    # print error to STDERR\n    echo \"error: The sandbox is not in sync with the Podfile.lock. Run 'pod install' or update your CocoaPods installation.\" >&2\n    exit 1\nfi\n";
			showEnvVarsInLog = 0;
		};
		9F7F34D51FAB4A6761E111A1 /* [CP] Embed Pods Frameworks */ = {
			isa = PBXShellScriptBuildPhase;
			buildActionMask = 2147483647;
			files = (
			);
			inputPaths = (
			);
			name = "[CP] Embed Pods Frameworks";
			outputPaths = (
			);
			runOnlyForDeploymentPostprocessing = 0;
			shellPath = /bin/sh;
			shellScript = "\"${SRCROOT}/Pods/Target Support Files/Pods-JFQDaily/Pods-JFQDaily-frameworks.sh\"\n";
			showEnvVarsInLog = 0;
		};
		DE8B8E69ECD35FBBAA007328 /* [CP] Copy Pods Resources */ = {
			isa = PBXShellScriptBuildPhase;
			buildActionMask = 2147483647;
			files = (
			);
			inputPaths = (
			);
			name = "[CP] Copy Pods Resources";
			outputPaths = (
			);
			runOnlyForDeploymentPostprocessing = 0;
			shellPath = /bin/sh;
			shellScript = "\"${SRCROOT}/Pods/Target Support Files/Pods-JFQDaily/Pods-JFQDaily-resources.sh\"\n";
			showEnvVarsInLog = 0;
		};
/* End PBXShellScriptBuildPhase section */

/* Begin PBXSourcesBuildPhase section */
		1E6E21AF1DCC74C7001C7F08 /* Sources */ = {
			isa = PBXSourcesBuildPhase;
			buildActionMask = 2147483647;
			files = (
				1E7FAB0E1F2A3A5B00182D8B /* JFMenuView.m in Sources */,
				1EA75AD11DD04EBF00CBB13F /* JFLoopViewLayout.m in Sources */,
				1E8796791F2F0FFF00CE70CE /* NSTimer+JFBlocksTimer.m in Sources */,
				1E5DED661DD01527002BFDE8 /* JFResponseModel.m in Sources */,
				1E22ABD81DF400180011BE76 /* NSString+JFString.m in Sources */,
				1E6E21C41DCC74C7001C7F08 /* JFQDaily.xcdatamodeld in Sources */,
				1EA75AD01DD04EBF00CBB13F /* JFLoopViewCell.m in Sources */,
				1E7FAB0F1F2A3A5B00182D8B /* JFNewsClassificationView.m in Sources */,
				1EA3C9E01DD572A000B31F2F /* MBProgressHUD+JFProgressHUD.m in Sources */,
				1E7FAB161F2A3A8D00182D8B /* JFReaderViewController.m in Sources */,
				1E7FAB151F2A3A8D00182D8B /* JFHomeViewController.m in Sources */,
				1E7FAB101F2A3A5B00182D8B /* JFSuspensionView.m in Sources */,
				1E6E21B81DCC74C7001C7F08 /* main.m in Sources */,
				1E7FAB1D1F2A3C8A00182D8B /* LoginController.swift in Sources */,
				1E1C6B4E1F160E6800E415A7 /* YYFPSLabel.m in Sources */,
				1E7FAB1B1F2A3C6900182D8B /* RegisterController.swift in Sources */,
				1E7FAAE81F27897400182D8B /* JFNewsCellLayout.m in Sources */,
				1EA75ACF1DD04EBF00CBB13F /* JFLoopView.m in Sources */,
				1E7FAB0D1F2A3A5B00182D8B /* JFHomeNewsTableViewCell.m in Sources */,
				1E5DED1F1DCEE814002BFDE8 /* JFHomeNewsDataManager.m in Sources */,
				1E6E21F31DCC7BA3001C7F08 /* AppDelegate.m in Sources */,
			);
			runOnlyForDeploymentPostprocessing = 0;
		};
		1E6E21CB1DCC74C7001C7F08 /* Sources */ = {
			isa = PBXSourcesBuildPhase;
			buildActionMask = 2147483647;
			files = (
				1E6E21D41DCC74C7001C7F08 /* JFQDailyTests.m in Sources */,
			);
			runOnlyForDeploymentPostprocessing = 0;
		};
		1E6E21D61DCC74C7001C7F08 /* Sources */ = {
			isa = PBXSourcesBuildPhase;
			buildActionMask = 2147483647;
			files = (
				1E6E21DF1DCC74C7001C7F08 /* JFQDailyUITests.m in Sources */,
			);
			runOnlyForDeploymentPostprocessing = 0;
		};
/* End PBXSourcesBuildPhase section */

/* Begin PBXTargetDependency section */
		1E6E21D11DCC74C7001C7F08 /* PBXTargetDependency */ = {
			isa = PBXTargetDependency;
			target = 1E6E21B21DCC74C7001C7F08 /* JFQDaily */;
			targetProxy = 1E6E21D01DCC74C7001C7F08 /* PBXContainerItemProxy */;
		};
		1E6E21DC1DCC74C7001C7F08 /* PBXTargetDependency */ = {
			isa = PBXTargetDependency;
			target = 1E6E21B21DCC74C7001C7F08 /* JFQDaily */;
			targetProxy = 1E6E21DB1DCC74C7001C7F08 /* PBXContainerItemProxy */;
		};
/* End PBXTargetDependency section */

/* Begin PBXVariantGroup section */
		1E6E21C71DCC74C7001C7F08 /* LaunchScreen.storyboard */ = {
			isa = PBXVariantGroup;
			children = (
				1E6E21C81DCC74C7001C7F08 /* Base */,
			);
			name = LaunchScreen.storyboard;
			sourceTree = "<group>";
		};
/* End PBXVariantGroup section */

/* Begin XCBuildConfiguration section */
		1E6E21E11DCC74C7001C7F08 /* Debug */ = {
			isa = XCBuildConfiguration;
			buildSettings = {
				ALWAYS_SEARCH_USER_PATHS = NO;
				CLANG_ANALYZER_NONNULL = YES;
				CLANG_CXX_LANGUAGE_STANDARD = "gnu++0x";
				CLANG_CXX_LIBRARY = "libc++";
				CLANG_ENABLE_MODULES = YES;
				CLANG_ENABLE_OBJC_ARC = YES;
				CLANG_WARN_BOOL_CONVERSION = YES;
				CLANG_WARN_CONSTANT_CONVERSION = YES;
				CLANG_WARN_DIRECT_OBJC_ISA_USAGE = YES_ERROR;
				CLANG_WARN_DOCUMENTATION_COMMENTS = YES;
				CLANG_WARN_EMPTY_BODY = YES;
				CLANG_WARN_ENUM_CONVERSION = YES;
				CLANG_WARN_INFINITE_RECURSION = YES;
				CLANG_WARN_INT_CONVERSION = YES;
				CLANG_WARN_OBJC_ROOT_CLASS = YES_ERROR;
				CLANG_WARN_SUSPICIOUS_MOVES = YES;
				CLANG_WARN_UNREACHABLE_CODE = YES;
				CLANG_WARN__DUPLICATE_METHOD_MATCH = YES;
				"CODE_SIGN_IDENTITY[sdk=iphoneos*]" = "iPhone Developer";
				COPY_PHASE_STRIP = NO;
				DEBUG_INFORMATION_FORMAT = dwarf;
				ENABLE_STRICT_OBJC_MSGSEND = YES;
				ENABLE_TESTABILITY = YES;
				GCC_C_LANGUAGE_STANDARD = gnu99;
				GCC_DYNAMIC_NO_PIC = NO;
				GCC_NO_COMMON_BLOCKS = YES;
				GCC_OPTIMIZATION_LEVEL = 0;
				GCC_PREPROCESSOR_DEFINITIONS = (
					"DEBUG=1",
					"$(inherited)",
				);
				GCC_WARN_64_TO_32_BIT_CONVERSION = YES;
				GCC_WARN_ABOUT_RETURN_TYPE = YES_ERROR;
				GCC_WARN_UNDECLARED_SELECTOR = YES;
				GCC_WARN_UNINITIALIZED_AUTOS = YES_AGGRESSIVE;
				GCC_WARN_UNUSED_FUNCTION = YES;
				GCC_WARN_UNUSED_VARIABLE = YES;
				IPHONEOS_DEPLOYMENT_TARGET = 9.0;
				MTL_ENABLE_DEBUG_INFO = YES;
				ONLY_ACTIVE_ARCH = YES;
				SDKROOT = iphoneos;
			};
			name = Debug;
		};
		1E6E21E21DCC74C7001C7F08 /* Release */ = {
			isa = XCBuildConfiguration;
			buildSettings = {
				ALWAYS_SEARCH_USER_PATHS = NO;
				CLANG_ANALYZER_NONNULL = YES;
				CLANG_CXX_LANGUAGE_STANDARD = "gnu++0x";
				CLANG_CXX_LIBRARY = "libc++";
				CLANG_ENABLE_MODULES = YES;
				CLANG_ENABLE_OBJC_ARC = YES;
				CLANG_WARN_BOOL_CONVERSION = YES;
				CLANG_WARN_CONSTANT_CONVERSION = YES;
				CLANG_WARN_DIRECT_OBJC_ISA_USAGE = YES_ERROR;
				CLANG_WARN_DOCUMENTATION_COMMENTS = YES;
				CLANG_WARN_EMPTY_BODY = YES;
				CLANG_WARN_ENUM_CONVERSION = YES;
				CLANG_WARN_INFINITE_RECURSION = YES;
				CLANG_WARN_INT_CONVERSION = YES;
				CLANG_WARN_OBJC_ROOT_CLASS = YES_ERROR;
				CLANG_WARN_SUSPICIOUS_MOVES = YES;
				CLANG_WARN_UNREACHABLE_CODE = YES;
				CLANG_WARN__DUPLICATE_METHOD_MATCH = YES;
				"CODE_SIGN_IDENTITY[sdk=iphoneos*]" = "iPhone Developer";
				COPY_PHASE_STRIP = NO;
				DEBUG_INFORMATION_FORMAT = "dwarf-with-dsym";
				ENABLE_NS_ASSERTIONS = NO;
				ENABLE_STRICT_OBJC_MSGSEND = YES;
				GCC_C_LANGUAGE_STANDARD = gnu99;
				GCC_NO_COMMON_BLOCKS = YES;
				GCC_WARN_64_TO_32_BIT_CONVERSION = YES;
				GCC_WARN_ABOUT_RETURN_TYPE = YES_ERROR;
				GCC_WARN_UNDECLARED_SELECTOR = YES;
				GCC_WARN_UNINITIALIZED_AUTOS = YES_AGGRESSIVE;
				GCC_WARN_UNUSED_FUNCTION = YES;
				GCC_WARN_UNUSED_VARIABLE = YES;
				IPHONEOS_DEPLOYMENT_TARGET = 9.0;
				MTL_ENABLE_DEBUG_INFO = NO;
				SDKROOT = iphoneos;
				VALIDATE_PRODUCT = YES;
			};
			name = Release;
		};
		1E6E21E41DCC74C7001C7F08 /* Debug */ = {
			isa = XCBuildConfiguration;
			baseConfigurationReference = D9E68DBDD35E69168A6A525F /* Pods-JFQDaily.debug.xcconfig */;
			buildSettings = {
				ASSETCATALOG_COMPILER_APPICON_NAME = AppIcon;
				CLANG_ENABLE_MODULES = YES;
				"CODE_SIGN_IDENTITY[sdk=iphoneos*]" = "iPhone Developer";
				DEVELOPMENT_TEAM = 7AG3K2X9HG;
				INFOPLIST_FILE = JFQDaily/Info.plist;
				IPHONEOS_DEPLOYMENT_TARGET = 8.0;
				LD_RUNPATH_SEARCH_PATHS = "$(inherited) @executable_path/Frameworks";
				PRODUCT_BUNDLE_IDENTIFIER = com.zhifenx.qdailyaa;
				PRODUCT_NAME = "$(TARGET_NAME)";
				PROVISIONING_PROFILE_SPECIFIER = "";
				SWIFT_OBJC_BRIDGING_HEADER = "JFQDaily/Account/JFQDaily-Bridging-Header.h";
				SWIFT_OPTIMIZATION_LEVEL = "-Onone";
				SWIFT_VERSION = 3.0;
			};
			name = Debug;
		};
		1E6E21E51DCC74C7001C7F08 /* Release */ = {
			isa = XCBuildConfiguration;
			baseConfigurationReference = 0284745F6B6E8CF3B257C4DF /* Pods-JFQDaily.release.xcconfig */;
			buildSettings = {
				ASSETCATALOG_COMPILER_APPICON_NAME = AppIcon;
				CLANG_ENABLE_MODULES = YES;
				"CODE_SIGN_IDENTITY[sdk=iphoneos*]" = "iPhone Developer";
				DEVELOPMENT_TEAM = 7AG3K2X9HG;
				INFOPLIST_FILE = JFQDaily/Info.plist;
				IPHONEOS_DEPLOYMENT_TARGET = 8.0;
				LD_RUNPATH_SEARCH_PATHS = "$(inherited) @executable_path/Frameworks";
				PRODUCT_BUNDLE_IDENTIFIER = com.zhifenx.qdailyaa;
				PRODUCT_NAME = "$(TARGET_NAME)";
				PROVISIONING_PROFILE_SPECIFIER = "";
				SWIFT_OBJC_BRIDGING_HEADER = "JFQDaily/Account/JFQDaily-Bridging-Header.h";
				SWIFT_VERSION = 3.0;
			};
			name = Release;
		};
		1E6E21E71DCC74C7001C7F08 /* Debug */ = {
			isa = XCBuildConfiguration;
			buildSettings = {
				ALWAYS_EMBED_SWIFT_STANDARD_LIBRARIES = YES;
				BUNDLE_LOADER = "$(TEST_HOST)";
				DEVELOPMENT_TEAM = 7AG3K2X9HG;
				INFOPLIST_FILE = JFQDailyTests/Info.plist;
				LD_RUNPATH_SEARCH_PATHS = "$(inherited) @executable_path/Frameworks @loader_path/Frameworks";
				PRODUCT_BUNDLE_IDENTIFIER = com.zhifenx.JFQDailyTests;
				PRODUCT_NAME = "$(TARGET_NAME)";
				TEST_HOST = "$(BUILT_PRODUCTS_DIR)/JFQDaily.app/JFQDaily";
			};
			name = Debug;
		};
		1E6E21E81DCC74C7001C7F08 /* Release */ = {
			isa = XCBuildConfiguration;
			buildSettings = {
				ALWAYS_EMBED_SWIFT_STANDARD_LIBRARIES = YES;
				BUNDLE_LOADER = "$(TEST_HOST)";
				DEVELOPMENT_TEAM = 7AG3K2X9HG;
				INFOPLIST_FILE = JFQDailyTests/Info.plist;
				LD_RUNPATH_SEARCH_PATHS = "$(inherited) @executable_path/Frameworks @loader_path/Frameworks";
				PRODUCT_BUNDLE_IDENTIFIER = com.zhifenx.JFQDailyTests;
				PRODUCT_NAME = "$(TARGET_NAME)";
				TEST_HOST = "$(BUILT_PRODUCTS_DIR)/JFQDaily.app/JFQDaily";
			};
			name = Release;
		};
		1E6E21EA1DCC74C7001C7F08 /* Debug */ = {
			isa = XCBuildConfiguration;
			buildSettings = {
				ALWAYS_EMBED_SWIFT_STANDARD_LIBRARIES = YES;
				DEVELOPMENT_TEAM = 7AG3K2X9HG;
				INFOPLIST_FILE = JFQDailyUITests/Info.plist;
				LD_RUNPATH_SEARCH_PATHS = "$(inherited) @executable_path/Frameworks @loader_path/Frameworks";
				PRODUCT_BUNDLE_IDENTIFIER = com.zhifenx.JFQDailyUITests;
				PRODUCT_NAME = "$(TARGET_NAME)";
				TEST_TARGET_NAME = JFQDaily;
			};
			name = Debug;
		};
		1E6E21EB1DCC74C7001C7F08 /* Release */ = {
			isa = XCBuildConfiguration;
			buildSettings = {
				ALWAYS_EMBED_SWIFT_STANDARD_LIBRARIES = YES;
				DEVELOPMENT_TEAM = 7AG3K2X9HG;
				INFOPLIST_FILE = JFQDailyUITests/Info.plist;
				LD_RUNPATH_SEARCH_PATHS = "$(inherited) @executable_path/Frameworks @loader_path/Frameworks";
				PRODUCT_BUNDLE_IDENTIFIER = com.zhifenx.JFQDailyUITests;
				PRODUCT_NAME = "$(TARGET_NAME)";
				TEST_TARGET_NAME = JFQDaily;
			};
			name = Release;
		};
/* End XCBuildConfiguration section */

/* Begin XCConfigurationList section */
		1E6E21AE1DCC74C7001C7F08 /* Build configuration list for PBXProject "JFQDaily" */ = {
			isa = XCConfigurationList;
			buildConfigurations = (
				1E6E21E11DCC74C7001C7F08 /* Debug */,
				1E6E21E21DCC74C7001C7F08 /* Release */,
			);
			defaultConfigurationIsVisible = 0;
			defaultConfigurationName = Release;
		};
		1E6E21E31DCC74C7001C7F08 /* Build configuration list for PBXNativeTarget "JFQDaily" */ = {
			isa = XCConfigurationList;
			buildConfigurations = (
				1E6E21E41DCC74C7001C7F08 /* Debug */,
				1E6E21E51DCC74C7001C7F08 /* Release */,
			);
			defaultConfigurationIsVisible = 0;
			defaultConfigurationName = Release;
		};
		1E6E21E61DCC74C7001C7F08 /* Build configuration list for PBXNativeTarget "JFQDailyTests" */ = {
			isa = XCConfigurationList;
			buildConfigurations = (
				1E6E21E71DCC74C7001C7F08 /* Debug */,
				1E6E21E81DCC74C7001C7F08 /* Release */,
			);
			defaultConfigurationIsVisible = 0;
			defaultConfigurationName = Release;
		};
		1E6E21E91DCC74C7001C7F08 /* Build configuration list for PBXNativeTarget "JFQDailyUITests" */ = {
			isa = XCConfigurationList;
			buildConfigurations = (
				1E6E21EA1DCC74C7001C7F08 /* Debug */,
				1E6E21EB1DCC74C7001C7F08 /* Release */,
			);
			defaultConfigurationIsVisible = 0;
			defaultConfigurationName = Release;
		};
/* End XCConfigurationList section */

/* Begin XCVersionGroup section */
		1E6E21C21DCC74C7001C7F08 /* JFQDaily.xcdatamodeld */ = {
			isa = XCVersionGroup;
			children = (
				1E6E21C31DCC74C7001C7F08 /* JFQDaily.xcdatamodel */,
			);
			currentVersion = 1E6E21C31DCC74C7001C7F08 /* JFQDaily.xcdatamodel */;
			path = JFQDaily.xcdatamodeld;
			sourceTree = "<group>";
			versionGroupType = wrapper.xcdatamodel;
		};
/* End XCVersionGroup section */
	};
	rootObject = 1E6E21AB1DCC74C7001C7F08 /* Project object */;
}
